PODS:
  - Endpoints (2.0.0)
  - RxCocoa (5.0.1):
    - RxRelay (~> 5)
    - RxSwift (~> 5)
  - RxRelay (5.0.1):
    - RxSwift (~> 5)
  - RxSwift (5.0.1)

DEPENDENCIES:
  - Endpoints
  - RxCocoa (~> 5)
  - RxSwift (~> 5)

SPEC REPOS:
  trunk:
    - Endpoints
    - RxCocoa
    - RxRelay
    - RxSwift

SPEC CHECKSUMS:
  Endpoints: f4ff596961d35c54b6d487220c663506283985cf
  RxCocoa: e741b9749968e8a143e2b787f1dfbff2b63d0a5c
  RxRelay: 89d54507f4fd4d969e6ec1d4bd7f3673640b4640
  RxSwift: e2dc62b366a3adf6a0be44ba9f405efd4c94e0c4

PODFILE CHECKSUM: c45994aa38849230689d586304d4c2bd0afff1fa

COCOAPODS: 1.8.4
